// !$*UTF8*$!
{
	archiveVersion = 1;
	classes = {
	};
	objectVersion = 56;
	objects = {

/* Begin PBXBuildFile section */
		TENUO0000000000000000001 /* TenuoApp.swift in Sources */ = {isa = PBXBuildFile; fileRef = TENUO0000000000000000002 /* TenuoApp.swift */; };
		TENUO0000000000000000003 /* MainMenu.swift in Sources */ = {isa = PBXBuildFile; fileRef = TENUO0000000000000000004 /* MainMenu.swift */; };
		TENUO0000000000000000005 /* TenuoController.swift in Sources */ = {isa = PBXBuildFile; fileRef = TENUO0000000000000000006 /* TenuoController.swift */; };
		TENUO0000000000000000007 /* PermissionWindowController.swift in Sources */ = {isa = PBXBuildFile; fileRef = TENUO0000000000000000008 /* PermissionWindowController.swift */; };
		TENUO0000000000000000009 /* PreferencesWindowController.swift in Sources */ = {isa = PBXBuildFile; fileRef = TENUO000000000000000000A /* PreferencesWindowController.swift */; };
		TENUO000000000000000000B /* KeyCodes.swift in Sources */ = {isa = PBXBuildFile; fileRef = TENUO000000000000000000C /* KeyCodes.swift */; };
		TENUO000000000000000000D /* TriggerKey.swift in Sources */ = {isa = PBXBuildFile; fileRef = TENUO000000000000000000E /* TriggerKey.swift */; };
		TENUO000000000000000000F /* KeyCatalog.swift in Sources */ = {isa = PBXBuildFile; fileRef = TENUO0000000000000000010 /* KeyCatalog.swift */; };
		TENUO0000000000000000011 /* KeyBinding.swift in Sources */ = {isa = PBXBuildFile; fileRef = TENUO0000000000000000012 /* KeyBinding.swift */; };
		TENUO0000000000000000013 /* Profile.swift in Sources */ = {isa = PBXBuildFile; fileRef = TENUO0000000000000000014 /* Profile.swift */; };
		TENUO0000000000000000015 /* Presets.swift in Sources */ = {isa = PBXBuildFile; fileRef = TENUO0000000000000000016 /* Presets.swift */; };
		TENUO0000000000000000017 /* LayerEngine.swift in Sources */ = {isa = PBXBuildFile; fileRef = TENUO0000000000000000018 /* LayerEngine.swift */; };
		TENUO0000000000000000019 /* KeyboardGeometry.swift in Sources */ = {isa = PBXBuildFile; fileRef = TENUO000000000000000001A /* KeyboardGeometry.swift */; };
		TENUO000000000000000001D /* KeyboardMonitor.swift in Sources */ = {isa = PBXBuildFile; fileRef = TENUO000000000000000001E /* KeyboardMonitor.swift */; };
		TENUO000000000000000001F /* CapsLockRemapper.swift in Sources */ = {isa = PBXBuildFile; fileRef = TENUO0000000000000000020 /* CapsLockRemapper.swift */; };
		TENUO0000000000000000021 /* AccessibilityManager.swift in Sources */ = {isa = PBXBuildFile; fileRef = TENUO0000000000000000022 /* AccessibilityManager.swift */; };
		TENUO0000000000000000023 /* LaunchAtLoginManager.swift in Sources */ = {isa = PBXBuildFile; fileRef = TENUO0000000000000000024 /* LaunchAtLoginManager.swift */; };
		TENUO0000000000000000025 /* SystemEventObserver.swift in Sources */ = {isa = PBXBuildFile; fileRef = TENUO0000000000000000026 /* SystemEventObserver.swift */; };
		TENUO0000000000000000027 /* UpdateController.swift in Sources */ = {isa = PBXBuildFile; fileRef = TENUO0000000000000000028 /* UpdateController.swift */; };
		TENUO0000000000000000029 /* DesignSystem.swift in Sources */ = {isa = PBXBuildFile; fileRef = TENUO000000000000000002A /* DesignSystem.swift */; };
		TENUO000000000000000002B /* Controls.swift in Sources */ = {isa = PBXBuildFile; fileRef = TENUO000000000000000002C /* Controls.swift */; };
		TENUO000000000000000002D /* GlassStyle.swift in Sources */ = {isa = PBXBuildFile; fileRef = TENUO000000000000000002E /* GlassStyle.swift */; };
		TENUO000000000000000002F /* AppModel.swift in Sources */ = {isa = PBXBuildFile; fileRef = TENUO0000000000000000030 /* AppModel.swift */; };
		TENUO0000000000000000031 /* MenuBarController.swift in Sources */ = {isa = PBXBuildFile; fileRef = TENUO0000000000000000032 /* MenuBarController.swift */; };
		TENUO0000000000000000033 /* MenuPanelView.swift in Sources */ = {isa = PBXBuildFile; fileRef = TENUO0000000000000000034 /* MenuPanelView.swift */; };
		TENUO0000000000000000035 /* LayerEditorView.swift in Sources */ = {isa = PBXBuildFile; fileRef = TENUO0000000000000000036 /* LayerEditorView.swift */; };
		TENUO0000000000000000037 /* LayersPage.swift in Sources */ = {isa = PBXBuildFile; fileRef = TENUO0000000000000000038 /* LayersPage.swift */; };
		TENUO0000000000000000039 /* SettingsControls.swift in Sources */ = {isa = PBXBuildFile; fileRef = TENUO000000000000000003A /* SettingsControls.swift */; };
		TENUO000000000000000003B /* KeyboardLayoutView.swift in Sources */ = {isa = PBXBuildFile; fileRef = TENUO000000000000000003C /* KeyboardLayoutView.swift */; };
		TENUO000000000000000003D /* LayerList.swift in Sources */ = {isa = PBXBuildFile; fileRef = TENUO000000000000000003E /* LayerList.swift */; };
		TENUO000000000000000003F /* ProfileSwitcher.swift in Sources */ = {isa = PBXBuildFile; fileRef = TENUO0000000000000000040 /* ProfileSwitcher.swift */; };
		TENUO0000000000000000041 /* CheatSheetController.swift in Sources */ = {isa = PBXBuildFile; fileRef = TENUO0000000000000000042 /* CheatSheetController.swift */; };
		TENUO0000000000000000043 /* LayerEngineTests.swift in Sources */ = {isa = PBXBuildFile; fileRef = TENUO0000000000000000044 /* LayerEngineTests.swift */; };
		TENUO0000000000000000047 /* KeyCodes.swift in Sources */ = {isa = PBXBuildFile; fileRef = TENUO000000000000000000C /* KeyCodes.swift */; };
		TENUO0000000000000000048 /* TriggerKey.swift in Sources */ = {isa = PBXBuildFile; fileRef = TENUO000000000000000000E /* TriggerKey.swift */; };
		TENUO0000000000000000049 /* KeyCatalog.swift in Sources */ = {isa = PBXBuildFile; fileRef = TENUO0000000000000000010 /* KeyCatalog.swift */; };
		TENUO000000000000000004A /* KeyBinding.swift in Sources */ = {isa = PBXBuildFile; fileRef = TENUO0000000000000000012 /* KeyBinding.swift */; };
		TENUO000000000000000004B /* Profile.swift in Sources */ = {isa = PBXBuildFile; fileRef = TENUO0000000000000000014 /* Profile.swift */; };
		TENUO000000000000000004C /* Presets.swift in Sources */ = {isa = PBXBuildFile; fileRef = TENUO0000000000000000016 /* Presets.swift */; };
		TENUO000000000000000004D /* LayerEngine.swift in Sources */ = {isa = PBXBuildFile; fileRef = TENUO0000000000000000018 /* LayerEngine.swift */; };
		TENUO0000000000000000050 /* Assets.car in Resources */ = {isa = PBXBuildFile; fileRef = TENUO0000000000000000051 /* Assets.car */; };
		TENUO0000000000000000052 /* Tenuo.icns in Resources */ = {isa = PBXBuildFile; fileRef = TENUO0000000000000000053 /* Tenuo.icns */; };
		TENUO0000000000000000054 /* TenuoTemplate.png in Resources */ = {isa = PBXBuildFile; fileRef = TENUO0000000000000000055 /* TenuoTemplate.png */; };
		TENUO0000000000000000056 /* TenuoTemplate@2x.png in Resources */ = {isa = PBXBuildFile; fileRef = TENUO0000000000000000057 /* TenuoTemplate@2x.png */; };
		TENUO0000000000000000058 /* TenuoMark.png in Resources */ = {isa = PBXBuildFile; fileRef = TENUO0000000000000000059 /* TenuoMark.png */; };
		TENUO000000000000000005A /* TenuoMark@2x.png in Resources */ = {isa = PBXBuildFile; fileRef = TENUO000000000000000005B /* TenuoMark@2x.png */; };
		TENUO000000000000000005C /* Sparkle in Frameworks */ = {isa = PBXBuildFile; productRef = TENUO000000000000000005D /* Sparkle */; };
		TENUO0000000000000000080 /* HIDMappingParser.swift in Sources */ = {isa = PBXBuildFile; fileRef = TENUO0000000000000000081 /* HIDMappingParser.swift */; };
		TENUO0000000000000000082 /* HIDMappingParser.swift in Sources */ = {isa = PBXBuildFile; fileRef = TENUO0000000000000000081 /* HIDMappingParser.swift */; };
		TENUO0000000000000000083 /* CapsLockRemapperTests.swift in Sources */ = {isa = PBXBuildFile; fileRef = TENUO0000000000000000084 /* CapsLockRemapperTests.swift */; };
		TENUO0000000000000000085 /* LayerModes.swift in Sources */ = {isa = PBXBuildFile; fileRef = TENUO000000000000000008C /* LayerModes.swift */; };
		TENUO0000000000000000086 /* ProfileStore.swift in Sources */ = {isa = PBXBuildFile; fileRef = TENUO000000000000000008D /* ProfileStore.swift */; };
		TENUO0000000000000000087 /* AppPreferences.swift in Sources */ = {isa = PBXBuildFile; fileRef = TENUO000000000000000008E /* AppPreferences.swift */; };
		TENUO0000000000000000088 /* ProfileSelection.swift in Sources */ = {isa = PBXBuildFile; fileRef = TENUO000000000000000008F /* ProfileSelection.swift */; };
		TENUO0000000000000000089 /* AppPreferencesTests.swift in Sources */ = {isa = PBXBuildFile; fileRef = TENUO0000000000000000090 /* AppPreferencesTests.swift */; };
		TENUO000000000000000008A /* ProfileStoreTests.swift in Sources */ = {isa = PBXBuildFile; fileRef = TENUO0000000000000000091 /* ProfileStoreTests.swift */; };
		TENUO000000000000000008B /* ProfileSelectionTests.swift in Sources */ = {isa = PBXBuildFile; fileRef = TENUO0000000000000000092 /* ProfileSelectionTests.swift */; };
		TENUO0000000000000000093 /* LayerModes.swift in Sources */ = {isa = PBXBuildFile; fileRef = TENUO000000000000000008C /* LayerModes.swift */; };
		TENUO0000000000000000094 /* ProfileStore.swift in Sources */ = {isa = PBXBuildFile; fileRef = TENUO000000000000000008D /* ProfileStore.swift */; };
		TENUO0000000000000000095 /* AppPreferences.swift in Sources */ = {isa = PBXBuildFile; fileRef = TENUO000000000000000008E /* AppPreferences.swift */; };
		TENUO0000000000000000096 /* ProfileSelection.swift in Sources */ = {isa = PBXBuildFile; fileRef = TENUO000000000000000008F /* ProfileSelection.swift */; };
		TENUO0000000000000000097 /* Actions.swift in Sources */ = {isa = PBXBuildFile; fileRef = TENUO0000000000000000099 /* Actions.swift */; };
		TENUO0000000000000000098 /* Actions.swift in Sources */ = {isa = PBXBuildFile; fileRef = TENUO0000000000000000099 /* Actions.swift */; };
		TENUO00000000000000000A0 /* LayerStatusController.swift in Sources */ = {isa = PBXBuildFile; fileRef = TENUO00000000000000000A1 /* LayerStatusController.swift */; };
		TENUO00000000000000000B1 /* License.swift in Sources */ = {isa = PBXBuildFile; fileRef = TENUO00000000000000000B0 /* License.swift */; };
		TENUO00000000000000000B3 /* PolarLicenseClient.swift in Sources */ = {isa = PBXBuildFile; fileRef = TENUO00000000000000000B2 /* PolarLicenseClient.swift */; };
		TENUO00000000000000000B5 /* LicenseKeychainStore.swift in Sources */ = {isa = PBXBuildFile; fileRef = TENUO00000000000000000B4 /* LicenseKeychainStore.swift */; };
		TENUO00000000000000000B7 /* LicenseManager.swift in Sources */ = {isa = PBXBuildFile; fileRef = TENUO00000000000000000B6 /* LicenseManager.swift */; };
		TENUO00000000000000000B9 /* LicenseSettingsView.swift in Sources */ = {isa = PBXBuildFile; fileRef = TENUO00000000000000000B8 /* LicenseSettingsView.swift */; };
		TENUO00000000000000000BB /* LicenseTests.swift in Sources */ = {isa = PBXBuildFile; fileRef = TENUO00000000000000000BA /* LicenseTests.swift */; };
		TENUO00000000000000000BC /* License.swift in Sources */ = {isa = PBXBuildFile; fileRef = TENUO00000000000000000B0 /* License.swift */; };
		TENUO00000000000000000BD /* ProfileHistory.swift in Sources */ = {isa = PBXBuildFile; fileRef = TENUO00000000000000000BF /* ProfileHistory.swift */; };
		DE84942F344B4D98A9A08231 /* ProfileEditSession.swift in Sources */ = {isa = PBXBuildFile; fileRef = DE84942F344B4D98A9A08233 /* ProfileEditSession.swift */; };
		TENUO00000000000000000BE /* ProfileHistory.swift in Sources */ = {isa = PBXBuildFile; fileRef = TENUO00000000000000000BF /* ProfileHistory.swift */; };
		DE84942F344B4D98A9A08232 /* ProfileEditSession.swift in Sources */ = {isa = PBXBuildFile; fileRef = DE84942F344B4D98A9A08233 /* ProfileEditSession.swift */; };
		TENUO00000000000000000C0 /* ProfileHistoryView.swift in Sources */ = {isa = PBXBuildFile; fileRef = TENUO00000000000000000C1 /* ProfileHistoryView.swift */; };
		AC7200000000000000000000 /* MacActionRunner.swift in Sources */ = {isa = PBXBuildFile; fileRef = AC7100000000000000000000 /* MacActionRunner.swift */; };
		AC7200000000000000000001 /* ApplicationPicker.swift in Sources */ = {isa = PBXBuildFile; fileRef = AC7100000000000000000001 /* ApplicationPicker.swift */; };
		AC7200000000000000000002 /* MacActionEditor.swift in Sources */ = {isa = PBXBuildFile; fileRef = AC7100000000000000000002 /* MacActionEditor.swift */; };
		AC7200000000000000000003 /* ActionFeedbackController.swift in Sources */ = {isa = PBXBuildFile; fileRef = AC7100000000000000000003 /* ActionFeedbackController.swift */; };
		2C4C21B54B30F230D10A18CF /* ProfileDatabase.swift in Sources */ = {isa = PBXBuildFile; fileRef = 61D969FFD523DF8F403902B4; };
		7732B1C889DAB1E49822FD63 /* ProfileDatabase.swift in Sources */ = {isa = PBXBuildFile; fileRef = 61D969FFD523DF8F403902B4; };
		C1CC43059B7BBF9AB2895472 /* ProfileSyncState.swift in Sources */ = {isa = PBXBuildFile; fileRef = F9A3C6B002F18F4C5A2472CB; };
		32F1148E67F208D97F1814B9 /* ProfileSyncState.swift in Sources */ = {isa = PBXBuildFile; fileRef = F9A3C6B002F18F4C5A2472CB; };
		A492BEC328799A615C7911B3 /* SQLiteProfileStore.swift in Sources */ = {isa = PBXBuildFile; fileRef = B50E299441B06633FDA6FEEB; };
		33649BD1CB939D30402D874F /* SQLiteProfileStore.swift in Sources */ = {isa = PBXBuildFile; fileRef = B50E299441B06633FDA6FEEB; };
		F84160E19765579A0F4B50C2 /* LocalActionTargets.swift in Sources */ = {isa = PBXBuildFile; fileRef = CCC3551E7A57A269A063A2BC; };
		042B915D85609CF990A556F3 /* LocalActionTargets.swift in Sources */ = {isa = PBXBuildFile; fileRef = CCC3551E7A57A269A063A2BC; };
		5C5777D7D9752077F7666C17 /* ProfileSyncTests.swift in Sources */ = {isa = PBXBuildFile; fileRef = F59C783512856AF14F158351; };
		1430FD359E48B5CFBE484A8E /* CloudProfileTransport.swift in Sources */ = {isa = PBXBuildFile; fileRef = 7D931717F1C564D5C79A5385; };
		73C959CF365754CF84620789 /* ProfileSyncController.swift in Sources */ = {isa = PBXBuildFile; fileRef = F8DBDF97138ED366A77EB33B; };
		42FCB7511D5B8FF05E55688B /* ProfileSyncSettingsView.swift in Sources */ = {isa = PBXBuildFile; fileRef = 8B804A6BC4A169E7EF1CE968; };
		55741F01F1BF8C820D851440 /* CloudProfileTransport.swift in Sources */ = {isa = PBXBuildFile; fileRef = 7D931717F1C564D5C79A5385; };
		4940486E568097DD4ED95059 /* ProfileSyncController.swift in Sources */ = {isa = PBXBuildFile; fileRef = F8DBDF97138ED366A77EB33B; };
		B2CE72E47B47109D0F96DA82 /* ProfileSyncLifecycleTests.swift in Sources */ = {isa = PBXBuildFile; fileRef = 6876BE70C775712FC76923F8; };
/* End PBXBuildFile section */

/* Begin PBXFileReference section */
		TENUO0000000000000000002 /* TenuoApp.swift */ = {isa = PBXFileReference; lastKnownFileType = sourcecode.swift; path = TenuoApp.swift; sourceTree = "<group>"; };
		TENUO0000000000000000004 /* MainMenu.swift */ = {isa = PBXFileReference; lastKnownFileType = sourcecode.swift; path = MainMenu.swift; sourceTree = "<group>"; };
		TENUO0000000000000000006 /* TenuoController.swift */ = {isa = PBXFileReference; lastKnownFileType = sourcecode.swift; path = TenuoController.swift; sourceTree = "<group>"; };
		TENUO0000000000000000008 /* PermissionWindowController.swift */ = {isa = PBXFileReference; lastKnownFileType = sourcecode.swift; path = PermissionWindowController.swift; sourceTree = "<group>"; };
		TENUO000000000000000000A /* PreferencesWindowController.swift */ = {isa = PBXFileReference; lastKnownFileType = sourcecode.swift; path = PreferencesWindowController.swift; sourceTree = "<group>"; };
		TENUO000000000000000000C /* KeyCodes.swift */ = {isa = PBXFileReference; lastKnownFileType = sourcecode.swift; path = KeyCodes.swift; sourceTree = "<group>"; };
		TENUO000000000000000000E /* TriggerKey.swift */ = {isa = PBXFileReference; lastKnownFileType = sourcecode.swift; path = TriggerKey.swift; sourceTree = "<group>"; };
		TENUO0000000000000000010 /* KeyCatalog.swift */ = {isa = PBXFileReference; lastKnownFileType = sourcecode.swift; path = KeyCatalog.swift; sourceTree = "<group>"; };
		TENUO0000000000000000012 /* KeyBinding.swift */ = {isa = PBXFileReference; lastKnownFileType = sourcecode.swift; path = KeyBinding.swift; sourceTree = "<group>"; };
		TENUO0000000000000000014 /* Profile.swift */ = {isa = PBXFileReference; lastKnownFileType = sourcecode.swift; path = Profile.swift; sourceTree = "<group>"; };
		TENUO0000000000000000016 /* Presets.swift */ = {isa = PBXFileReference; lastKnownFileType = sourcecode.swift; path = Presets.swift; sourceTree = "<group>"; };
		TENUO0000000000000000018 /* LayerEngine.swift */ = {isa = PBXFileReference; lastKnownFileType = sourcecode.swift; path = LayerEngine.swift; sourceTree = "<group>"; };
		TENUO000000000000000001A /* KeyboardGeometry.swift */ = {isa = PBXFileReference; lastKnownFileType = sourcecode.swift; path = KeyboardGeometry.swift; sourceTree = "<group>"; };
		TENUO000000000000000001E /* KeyboardMonitor.swift */ = {isa = PBXFileReference; lastKnownFileType = sourcecode.swift; path = KeyboardMonitor.swift; sourceTree = "<group>"; };
		TENUO0000000000000000020 /* CapsLockRemapper.swift */ = {isa = PBXFileReference; lastKnownFileType = sourcecode.swift; path = CapsLockRemapper.swift; sourceTree = "<group>"; };
		TENUO0000000000000000022 /* AccessibilityManager.swift */ = {isa = PBXFileReference; lastKnownFileType = sourcecode.swift; path = AccessibilityManager.swift; sourceTree = "<group>"; };
		TENUO0000000000000000024 /* LaunchAtLoginManager.swift */ = {isa = PBXFileReference; lastKnownFileType = sourcecode.swift; path = LaunchAtLoginManager.swift; sourceTree = "<group>"; };
		TENUO0000000000000000026 /* SystemEventObserver.swift */ = {isa = PBXFileReference; lastKnownFileType = sourcecode.swift; path = SystemEventObserver.swift; sourceTree = "<group>"; };
		TENUO0000000000000000028 /* UpdateController.swift */ = {isa = PBXFileReference; lastKnownFileType = sourcecode.swift; path = UpdateController.swift; sourceTree = "<group>"; };
		TENUO000000000000000002A /* DesignSystem.swift */ = {isa = PBXFileReference; lastKnownFileType = sourcecode.swift; path = DesignSystem.swift; sourceTree = "<group>"; };
		TENUO000000000000000002C /* Controls.swift */ = {isa = PBXFileReference; lastKnownFileType = sourcecode.swift; path = Controls.swift; sourceTree = "<group>"; };
		TENUO000000000000000002E /* GlassStyle.swift */ = {isa = PBXFileReference; lastKnownFileType = sourcecode.swift; path = GlassStyle.swift; sourceTree = "<group>"; };
		TENUO0000000000000000030 /* AppModel.swift */ = {isa = PBXFileReference; lastKnownFileType = sourcecode.swift; path = AppModel.swift; sourceTree = "<group>"; };
		TENUO0000000000000000032 /* MenuBarController.swift */ = {isa = PBXFileReference; lastKnownFileType = sourcecode.swift; path = MenuBarController.swift; sourceTree = "<group>"; };
		TENUO0000000000000000034 /* MenuPanelView.swift */ = {isa = PBXFileReference; lastKnownFileType = sourcecode.swift; path = MenuPanelView.swift; sourceTree = "<group>"; };
		TENUO0000000000000000036 /* LayerEditorView.swift */ = {isa = PBXFileReference; lastKnownFileType = sourcecode.swift; path = LayerEditorView.swift; sourceTree = "<group>"; };
		TENUO0000000000000000038 /* LayersPage.swift */ = {isa = PBXFileReference; lastKnownFileType = sourcecode.swift; path = LayersPage.swift; sourceTree = "<group>"; };
		TENUO000000000000000003A /* SettingsControls.swift */ = {isa = PBXFileReference; lastKnownFileType = sourcecode.swift; path = SettingsControls.swift; sourceTree = "<group>"; };
		TENUO000000000000000003C /* KeyboardLayoutView.swift */ = {isa = PBXFileReference; lastKnownFileType = sourcecode.swift; path = KeyboardLayoutView.swift; sourceTree = "<group>"; };
		TENUO000000000000000003E /* LayerList.swift */ = {isa = PBXFileReference; lastKnownFileType = sourcecode.swift; path = LayerList.swift; sourceTree = "<group>"; };
		TENUO0000000000000000040 /* ProfileSwitcher.swift */ = {isa = PBXFileReference; lastKnownFileType = sourcecode.swift; path = ProfileSwitcher.swift; sourceTree = "<group>"; };
		TENUO0000000000000000042 /* CheatSheetController.swift */ = {isa = PBXFileReference; lastKnownFileType = sourcecode.swift; path = CheatSheetController.swift; sourceTree = "<group>"; };
		TENUO0000000000000000044 /* LayerEngineTests.swift */ = {isa = PBXFileReference; lastKnownFileType = sourcecode.swift; path = LayerEngineTests.swift; sourceTree = "<group>"; };
		TENUO000000000000000005E /* Info.plist */ = {isa = PBXFileReference; lastKnownFileType = text.plist.xml; path = Info.plist; sourceTree = "<group>"; };
		TENUO000000000000000005F /* Tenuo.entitlements */ = {isa = PBXFileReference; lastKnownFileType = text.plist.entitlements; path = Tenuo.entitlements; sourceTree = "<group>"; };
		TENUO0000000000000000051 /* Assets.car */ = {isa = PBXFileReference; lastKnownFileType = archive.binhex; path = Assets.car; sourceTree = "<group>"; };
		TENUO0000000000000000053 /* Tenuo.icns */ = {isa = PBXFileReference; lastKnownFileType = image.icns; path = Tenuo.icns; sourceTree = "<group>"; };
		TENUO0000000000000000055 /* TenuoTemplate.png */ = {isa = PBXFileReference; lastKnownFileType = image.png; path = TenuoTemplate.png; sourceTree = "<group>"; };
		TENUO0000000000000000057 /* TenuoTemplate@2x.png */ = {isa = PBXFileReference; lastKnownFileType = image.png; path = "TenuoTemplate@2x.png"; sourceTree = "<group>"; };
		TENUO0000000000000000059 /* TenuoMark.png */ = {isa = PBXFileReference; lastKnownFileType = image.png; path = TenuoMark.png; sourceTree = "<group>"; };
		TENUO000000000000000005B /* TenuoMark@2x.png */ = {isa = PBXFileReference; lastKnownFileType = image.png; path = "TenuoMark@2x.png"; sourceTree = "<group>"; };
		TENUO0000000000000000060 /* Config.xcconfig */ = {isa = PBXFileReference; lastKnownFileType = text.xcconfig; path = Config.xcconfig; sourceTree = "<group>"; };
		TENUO0000000000000000081 /* HIDMappingParser.swift */ = {isa = PBXFileReference; lastKnownFileType = sourcecode.swift; path = HIDMappingParser.swift; sourceTree = "<group>"; };
		TENUO0000000000000000084 /* CapsLockRemapperTests.swift */ = {isa = PBXFileReference; lastKnownFileType = sourcecode.swift; path = CapsLockRemapperTests.swift; sourceTree = "<group>"; };
		TENUO000000000000000008C /* LayerModes.swift */ = {isa = PBXFileReference; lastKnownFileType = sourcecode.swift; path = LayerModes.swift; sourceTree = "<group>"; };
		TENUO000000000000000008D /* ProfileStore.swift */ = {isa = PBXFileReference; lastKnownFileType = sourcecode.swift; path = ProfileStore.swift; sourceTree = "<group>"; };
		TENUO000000000000000008E /* AppPreferences.swift */ = {isa = PBXFileReference; lastKnownFileType = sourcecode.swift; path = AppPreferences.swift; sourceTree = "<group>"; };
		TENUO000000000000000008F /* ProfileSelection.swift */ = {isa = PBXFileReference; lastKnownFileType = sourcecode.swift; path = ProfileSelection.swift; sourceTree = "<group>"; };
		TENUO0000000000000000099 /* Actions.swift */ = {isa = PBXFileReference; lastKnownFileType = sourcecode.swift; path = Actions.swift; sourceTree = "<group>"; };
		TENUO0000000000000000090 /* AppPreferencesTests.swift */ = {isa = PBXFileReference; lastKnownFileType = sourcecode.swift; path = AppPreferencesTests.swift; sourceTree = "<group>"; };
		TENUO0000000000000000091 /* ProfileStoreTests.swift */ = {isa = PBXFileReference; lastKnownFileType = sourcecode.swift; path = ProfileStoreTests.swift; sourceTree = "<group>"; };
		TENUO0000000000000000092 /* ProfileSelectionTests.swift */ = {isa = PBXFileReference; lastKnownFileType = sourcecode.swift; path = ProfileSelectionTests.swift; sourceTree = "<group>"; };
		TENUO00000000000000000A1 /* LayerStatusController.swift */ = {isa = PBXFileReference; lastKnownFileType = sourcecode.swift; path = LayerStatusController.swift; sourceTree = "<group>"; };
		TENUO00000000000000000B0 /* License.swift */ = {isa = PBXFileReference; lastKnownFileType = sourcecode.swift; path = License.swift; sourceTree = "<group>"; };
		TENUO00000000000000000B2 /* PolarLicenseClient.swift */ = {isa = PBXFileReference; lastKnownFileType = sourcecode.swift; path = PolarLicenseClient.swift; sourceTree = "<group>"; };
		TENUO00000000000000000B4 /* LicenseKeychainStore.swift */ = {isa = PBXFileReference; lastKnownFileType = sourcecode.swift; path = LicenseKeychainStore.swift; sourceTree = "<group>"; };
		TENUO00000000000000000B6 /* LicenseManager.swift */ = {isa = PBXFileReference; lastKnownFileType = sourcecode.swift; path = LicenseManager.swift; sourceTree = "<group>"; };
		TENUO00000000000000000B8 /* LicenseSettingsView.swift */ = {isa = PBXFileReference; lastKnownFileType = sourcecode.swift; path = LicenseSettingsView.swift; sourceTree = "<group>"; };
		TENUO00000000000000000BA /* LicenseTests.swift */ = {isa = PBXFileReference; lastKnownFileType = sourcecode.swift; path = LicenseTests.swift; sourceTree = "<group>"; };
		TENUO00000000000000000BF /* ProfileHistory.swift */ = {isa = PBXFileReference; lastKnownFileType = sourcecode.swift; path = ProfileHistory.swift; sourceTree = "<group>"; };
		DE84942F344B4D98A9A08233 /* ProfileEditSession.swift */ = {isa = PBXFileReference; lastKnownFileType = sourcecode.swift; path = ProfileEditSession.swift; sourceTree = "<group>"; };
		TENUO00000000000000000C1 /* ProfileHistoryView.swift */ = {isa = PBXFileReference; lastKnownFileType = sourcecode.swift; path = ProfileHistoryView.swift; sourceTree = "<group>"; };
		TENUO0000000000000000061 /* Tenuo.app */ = {isa = PBXFileReference; explicitFileType = wrapper.application; includeInIndex = 0; path = Tenuo.app; sourceTree = BUILT_PRODUCTS_DIR; };
		TENUO0000000000000000062 /* TenuoTests.xctest */ = {isa = PBXFileReference; explicitFileType = wrapper.cfbundle; includeInIndex = 0; path = TenuoTests.xctest; sourceTree = BUILT_PRODUCTS_DIR; };
		AC7100000000000000000000 /* MacActionRunner.swift */ = {isa = PBXFileReference; lastKnownFileType = sourcecode.swift; path = MacActionRunner.swift; sourceTree = "<group>"; };
		AC7100000000000000000001 /* ApplicationPicker.swift */ = {isa = PBXFileReference; lastKnownFileType = sourcecode.swift; path = ApplicationPicker.swift; sourceTree = "<group>"; };
		AC7100000000000000000002 /* MacActionEditor.swift */ = {isa = PBXFileReference; lastKnownFileType = sourcecode.swift; path = MacActionEditor.swift; sourceTree = "<group>"; };
		AC7100000000000000000003 /* ActionFeedbackController.swift */ = {isa = PBXFileReference; lastKnownFileType = sourcecode.swift; path = ActionFeedbackController.swift; sourceTree = "<group>"; };
		61D969FFD523DF8F403902B4 /* ProfileDatabase.swift */ = {isa = PBXFileReference; lastKnownFileType = sourcecode.swift; path = ProfileDatabase.swift; sourceTree = "<group>"; };
		F9A3C6B002F18F4C5A2472CB /* ProfileSyncState.swift */ = {isa = PBXFileReference; lastKnownFileType = sourcecode.swift; path = ProfileSyncState.swift; sourceTree = "<group>"; };
		B50E299441B06633FDA6FEEB /* SQLiteProfileStore.swift */ = {isa = PBXFileReference; lastKnownFileType = sourcecode.swift; path = SQLiteProfileStore.swift; sourceTree = "<group>"; };
		CCC3551E7A57A269A063A2BC /* LocalActionTargets.swift */ = {isa = PBXFileReference; lastKnownFileType = sourcecode.swift; path = LocalActionTargets.swift; sourceTree = "<group>"; };
		F59C783512856AF14F158351 /* ProfileSyncTests.swift */ = {isa = PBXFileReference; lastKnownFileType = sourcecode.swift; path = ProfileSyncTests.swift; sourceTree = "<group>"; };
		7D931717F1C564D5C79A5385 /* CloudProfileTransport.swift */ = {isa = PBXFileReference; lastKnownFileType = sourcecode.swift; path = CloudProfileTransport.swift; sourceTree = "<group>"; };
		F8DBDF97138ED366A77EB33B /* ProfileSyncController.swift */ = {isa = PBXFileReference; lastKnownFileType = sourcecode.swift; path = ProfileSyncController.swift; sourceTree = "<group>"; };
		8B804A6BC4A169E7EF1CE968 /* ProfileSyncSettingsView.swift */ = {isa = PBXFileReference; lastKnownFileType = sourcecode.swift; path = ProfileSyncSettingsView.swift; sourceTree = "<group>"; };
		6876BE70C775712FC76923F8 /* ProfileSyncLifecycleTests.swift */ = {isa = PBXFileReference; lastKnownFileType = sourcecode.swift; path = ProfileSyncLifecycleTests.swift; sourceTree = "<group>"; };
		A08B8203B8CC58EE137310AA /* TenuoCloud.entitlements */ = {isa = PBXFileReference; lastKnownFileType = text.plist.entitlements; path = TenuoCloud.entitlements; sourceTree = "<group>"; };
/* End PBXFileReference section */

/* Begin PBXFrameworksBuildPhase section */
		TENUO0000000000000000063 /* Frameworks */ = {
			isa = PBXFrameworksBuildPhase;
			buildActionMask = 2147483647;
			files = (
				TENUO000000000000000005C /* Sparkle in Frameworks */,
			);
			runOnlyForDeploymentPostprocessing = 0;
		};
		TENUO0000000000000000064 /* Frameworks */ = {
			isa = PBXFrameworksBuildPhase;
			buildActionMask = 2147483647;
			files = (
			);
			runOnlyForDeploymentPostprocessing = 0;
		};
/* End PBXFrameworksBuildPhase section */

/* Begin PBXGroup section */
		TENUO0000000000000000065 /* App */ = {
			isa = PBXGroup;
			children = (
				TENUO0000000000000000002 /* TenuoApp.swift */,
				TENUO0000000000000000004 /* MainMenu.swift */,
				TENUO0000000000000000006 /* TenuoController.swift */,
				TENUO0000000000000000008 /* PermissionWindowController.swift */,
				TENUO000000000000000000A /* PreferencesWindowController.swift */,
			);
			path = App;
			sourceTree = "<group>";
		};
		TENUO0000000000000000066 /* Core */ = {
			isa = PBXGroup;
			children = (
				CCC3551E7A57A269A063A2BC /* LocalActionTargets.swift */,
				B50E299441B06633FDA6FEEB /* SQLiteProfileStore.swift */,
				F9A3C6B002F18F4C5A2472CB /* ProfileSyncState.swift */,
				61D969FFD523DF8F403902B4 /* ProfileDatabase.swift */,
				TENUO0000000000000000081 /* HIDMappingParser.swift */,
				TENUO000000000000000000C /* KeyCodes.swift */,
				TENUO000000000000000000E /* TriggerKey.swift */,
				TENUO0000000000000000010 /* KeyCatalog.swift */,
				TENUO0000000000000000012 /* KeyBinding.swift */,
				TENUO0000000000000000099 /* Actions.swift */,
				TENUO00000000000000000B0 /* License.swift */,
				TENUO00000000000000000BF /* ProfileHistory.swift */,
				DE84942F344B4D98A9A08233 /* ProfileEditSession.swift */,
				TENUO0000000000000000014 /* Profile.swift */,
				TENUO0000000000000000016 /* Presets.swift */,
				TENUO0000000000000000018 /* LayerEngine.swift */,
				TENUO000000000000000008C /* LayerModes.swift */,
				TENUO000000000000000008D /* ProfileStore.swift */,
				TENUO000000000000000008E /* AppPreferences.swift */,
				TENUO000000000000000008F /* ProfileSelection.swift */,
			);
			path = Core;
			sourceTree = "<group>";
		};
		TENUO0000000000000000067 /* System */ = {
			isa = PBXGroup;
			children = (
				F8DBDF97138ED366A77EB33B /* ProfileSyncController.swift */,
				7D931717F1C564D5C79A5385 /* CloudProfileTransport.swift */,
				AC7100000000000000000000 /* MacActionRunner.swift */,
				TENUO000000000000000001E /* KeyboardMonitor.swift */,
				TENUO0000000000000000020 /* CapsLockRemapper.swift */,
				TENUO0000000000000000022 /* AccessibilityManager.swift */,
				TENUO0000000000000000024 /* LaunchAtLoginManager.swift */,
				TENUO0000000000000000026 /* SystemEventObserver.swift */,
				TENUO0000000000000000028 /* UpdateController.swift */,
				TENUO00000000000000000B2 /* PolarLicenseClient.swift */,
				TENUO00000000000000000B4 /* LicenseKeychainStore.swift */,
				TENUO00000000000000000B6 /* LicenseManager.swift */,
			);
			path = System;
			sourceTree = "<group>";
		};
		TENUO0000000000000000068 /* UI */ = {
			isa = PBXGroup;
			children = (
				8B804A6BC4A169E7EF1CE968 /* ProfileSyncSettingsView.swift */,
				AC7100000000000000000003 /* ActionFeedbackController.swift */,
				AC7100000000000000000002 /* MacActionEditor.swift */,
				AC7100000000000000000001 /* ApplicationPicker.swift */,
				TENUO000000000000000001A /* KeyboardGeometry.swift */,
				TENUO000000000000000002A /* DesignSystem.swift */,
				TENUO000000000000000002C /* Controls.swift */,
				TENUO000000000000000002E /* GlassStyle.swift */,
				TENUO0000000000000000030 /* AppModel.swift */,
				TENUO0000000000000000032 /* MenuBarController.swift */,
				TENUO0000000000000000034 /* MenuPanelView.swift */,
				TENUO0000000000000000036 /* LayerEditorView.swift */,
				TENUO0000000000000000038 /* LayersPage.swift */,
				TENUO000000000000000003A /* SettingsControls.swift */,
				TENUO000000000000000003C /* KeyboardLayoutView.swift */,
				TENUO000000000000000003E /* LayerList.swift */,
				TENUO0000000000000000040 /* ProfileSwitcher.swift */,
				TENUO0000000000000000042 /* CheatSheetController.swift */,
				TENUO00000000000000000A1 /* LayerStatusController.swift */,
				TENUO00000000000000000B8 /* LicenseSettingsView.swift */,
				TENUO00000000000000000C1 /* ProfileHistoryView.swift */,
			);
			path = UI;
			sourceTree = "<group>";
		};
		TENUO0000000000000000069 /* Resources */ = {
			isa = PBXGroup;
			children = (
				TENUO000000000000000005E /* Info.plist */,
				TENUO000000000000000005F /* Tenuo.entitlements */,
				A08B8203B8CC58EE137310AA /* TenuoCloud.entitlements */,
				TENUO0000000000000000051 /* Assets.car */,
				TENUO0000000000000000053 /* Tenuo.icns */,
				TENUO0000000000000000055 /* TenuoTemplate.png */,
				TENUO0000000000000000057 /* TenuoTemplate@2x.png */,
				TENUO0000000000000000059 /* TenuoMark.png */,
				TENUO000000000000000005B /* TenuoMark@2x.png */,
			);
			path = Resources;
			sourceTree = "<group>";
		};
		TENUO000000000000000006A /* Tenuo */ = {
			isa = PBXGroup;
			children = (
				TENUO0000000000000000065 /* App */,
				TENUO0000000000000000066 /* Core */,
				TENUO0000000000000000067 /* System */,
				TENUO0000000000000000068 /* UI */,
				TENUO0000000000000000069 /* Resources */,
			);
			path = Tenuo;
			sourceTree = "<group>";
		};
		TENUO000000000000000006B /* TenuoTests */ = {
			isa = PBXGroup;
			children = (
				6876BE70C775712FC76923F8 /* ProfileSyncLifecycleTests.swift */,
				F59C783512856AF14F158351 /* ProfileSyncTests.swift */,
				TENUO0000000000000000084 /* CapsLockRemapperTests.swift */,
				TENUO0000000000000000044 /* LayerEngineTests.swift */,
				TENUO0000000000000000090 /* AppPreferencesTests.swift */,
				TENUO0000000000000000091 /* ProfileStoreTests.swift */,
				TENUO0000000000000000092 /* ProfileSelectionTests.swift */,
				TENUO00000000000000000BA /* LicenseTests.swift */,
			);
			path = TenuoTests;
			sourceTree = "<group>";
		};
		TENUO000000000000000006C /* Products */ = {
			isa = PBXGroup;
			children = (
				TENUO0000000000000000061 /* Tenuo.app */,
				TENUO0000000000000000062 /* TenuoTests.xctest */,
			);
			name = Products;
			sourceTree = "<group>";
		};
		TENUO000000000000000006D /*  */ = {
			isa = PBXGroup;
			children = (
				TENUO0000000000000000060 /* Config.xcconfig */,
				TENUO000000000000000006A /* Tenuo */,
				TENUO000000000000000006B /* TenuoTests */,
				TENUO000000000000000006C /* Products */,
			);
			sourceTree = "<group>";
		};
/* End PBXGroup section */

/* Begin PBXNativeTarget section */
		TENUO0000000000000000070 /* Tenuo */ = {
			isa = PBXNativeTarget;
			buildConfigurationList = TENUO0000000000000000071 /* Build configuration list for PBXNativeTarget "Tenuo" */;
			buildPhases = (
				TENUO000000000000000006E,
				TENUO0000000000000000063,
				TENUO000000000000000006F,
			);
			buildRules = (
			);
			dependencies = (
			);
			name = Tenuo;
			productName = Tenuo;
			productReference = TENUO0000000000000000061;
			productType = "com.apple.product-type.application";
		};
		TENUO0000000000000000073 /* TenuoTests */ = {
			isa = PBXNativeTarget;
			buildConfigurationList = TENUO0000000000000000074 /* Build configuration list for PBXNativeTarget "TenuoTests" */;
			buildPhases = (
				TENUO0000000000000000072,
				TENUO0000000000000000064,
			);
			buildRules = (
			);
			dependencies = (
			);
			name = TenuoTests;
			productName = TenuoTests;
			productReference = TENUO0000000000000000062;
			productType = "com.apple.product-type.bundle.unit-test";
		};
/* End PBXNativeTarget section */

/* Begin PBXProject section */
		TENUO0000000000000000075 /* Project object */ = {
			isa = PBXProject;
			attributes = {
				BuildIndependentTargetsInParallel = 1;
				LastSwiftUpdateCheck = 2600;
				LastUpgradeCheck = 2600;
				TargetAttributes = {
					TENUO0000000000000000070 = {
						CreatedOnToolsVersion = 26.0;
						SystemCapabilities = {
							com.apple.iCloud = { enabled = 1; };
							com.apple.Push = { enabled = 1; };
						};
					};
					TENUO0000000000000000073 = { CreatedOnToolsVersion = 26.0; };
				};
			};
			buildConfigurationList = TENUO0000000000000000076 /* Build configuration list for PBXProject "Tenuo" */;
			compatibilityVersion = "Xcode 14.0";
			developmentRegion = en;
			hasScannedForEncodings = 0;
			knownRegions = (
				en,
				Base,
			);
			packageReferences = (
				TENUO0000000000000000077 /* XCRemoteSwiftPackageReference "Sparkle" */,
			);
			mainGroup = TENUO000000000000000006D;
			productRefGroup = TENUO000000000000000006C /* Products */;
			projectDirPath = "";
			projectRoot = "";
			targets = (
				TENUO0000000000000000070 /* Tenuo */,
				TENUO0000000000000000073 /* TenuoTests */,
			);
		};
/* End PBXProject section */

/* Begin XCRemoteSwiftPackageReference section */
		TENUO0000000000000000077 /* XCRemoteSwiftPackageReference "Sparkle" */ = {
			isa = XCRemoteSwiftPackageReference;
			repositoryURL = "https://github.com/sparkle-project/Sparkle";
			requirement = {
				kind = upToNextMajorVersion;
				minimumVersion = 2.6.0;
			};
		};
/* End XCRemoteSwiftPackageReference section */

/* Begin XCSwiftPackageProductDependency section */
		TENUO000000000000000005D /* Sparkle */ = {
			isa = XCSwiftPackageProductDependency;
			package = TENUO0000000000000000077 /* XCRemoteSwiftPackageReference "Sparkle" */;
			productName = Sparkle;
		};
/* End XCSwiftPackageProductDependency section */

/* Begin PBXResourcesBuildPhase section */
		TENUO000000000000000006F /* Resources */ = {
			isa = PBXResourcesBuildPhase;
			buildActionMask = 2147483647;
			files = (
				TENUO0000000000000000050 /* Assets.car in Resources */,
				TENUO0000000000000000052 /* Tenuo.icns in Resources */,
				TENUO0000000000000000054 /* TenuoTemplate.png in Resources */,
				TENUO0000000000000000056 /* TenuoTemplate@2x.png in Resources */,
				TENUO0000000000000000058 /* TenuoMark.png in Resources */,
				TENUO000000000000000005A /* TenuoMark@2x.png in Resources */,
			);
			runOnlyForDeploymentPostprocessing = 0;
		};
/* End PBXResourcesBuildPhase section */

/* Begin PBXSourcesBuildPhase section */
		TENUO000000000000000006E /* Sources */ = {
			isa = PBXSourcesBuildPhase;
			buildActionMask = 2147483647;
			files = (
				42FCB7511D5B8FF05E55688B /* ProfileSyncSettingsView.swift in Sources */,
				73C959CF365754CF84620789 /* ProfileSyncController.swift in Sources */,
				1430FD359E48B5CFBE484A8E /* CloudProfileTransport.swift in Sources */,
				F84160E19765579A0F4B50C2 /* LocalActionTargets.swift in Sources */,
				A492BEC328799A615C7911B3 /* SQLiteProfileStore.swift in Sources */,
				C1CC43059B7BBF9AB2895472 /* ProfileSyncState.swift in Sources */,
				2C4C21B54B30F230D10A18CF /* ProfileDatabase.swift in Sources */,
				AC7200000000000000000003 /* ActionFeedbackController.swift in Sources */,
				AC7200000000000000000002 /* MacActionEditor.swift in Sources */,
				AC7200000000000000000001 /* ApplicationPicker.swift in Sources */,
				AC7200000000000000000000 /* MacActionRunner.swift in Sources */,
				TENUO0000000000000000080 /* HIDMappingParser.swift in Sources */,
				TENUO0000000000000000001 /* TenuoApp.swift in Sources */,
				TENUO0000000000000000003 /* MainMenu.swift in Sources */,
				TENUO0000000000000000005 /* TenuoController.swift in Sources */,
				TENUO0000000000000000007 /* PermissionWindowController.swift in Sources */,
				TENUO0000000000000000009 /* PreferencesWindowController.swift in Sources */,
				TENUO000000000000000000B /* KeyCodes.swift in Sources */,
				TENUO000000000000000000D /* TriggerKey.swift in Sources */,
				TENUO000000000000000000F /* KeyCatalog.swift in Sources */,
				TENUO0000000000000000011 /* KeyBinding.swift in Sources */,
				TENUO0000000000000000097 /* Actions.swift in Sources */,
				TENUO00000000000000000B1 /* License.swift in Sources */,
				TENUO0000000000000000013 /* Profile.swift in Sources */,
				TENUO0000000000000000015 /* Presets.swift in Sources */,
				TENUO0000000000000000017 /* LayerEngine.swift in Sources */,
				TENUO0000000000000000019 /* KeyboardGeometry.swift in Sources */,
				TENUO0000000000000000085 /* LayerModes.swift in Sources */,
				TENUO0000000000000000086 /* ProfileStore.swift in Sources */,
				TENUO0000000000000000087 /* AppPreferences.swift in Sources */,
				TENUO0000000000000000088 /* ProfileSelection.swift in Sources */,
				TENUO000000000000000001D /* KeyboardMonitor.swift in Sources */,
				TENUO000000000000000001F /* CapsLockRemapper.swift in Sources */,
				TENUO0000000000000000021 /* AccessibilityManager.swift in Sources */,
				TENUO0000000000000000023 /* LaunchAtLoginManager.swift in Sources */,
				TENUO0000000000000000025 /* SystemEventObserver.swift in Sources */,
				TENUO0000000000000000027 /* UpdateController.swift in Sources */,
				TENUO00000000000000000B3 /* PolarLicenseClient.swift in Sources */,
				TENUO00000000000000000B5 /* LicenseKeychainStore.swift in Sources */,
				TENUO00000000000000000B7 /* LicenseManager.swift in Sources */,
				TENUO0000000000000000029 /* DesignSystem.swift in Sources */,
				TENUO000000000000000002B /* Controls.swift in Sources */,
				TENUO000000000000000002D /* GlassStyle.swift in Sources */,
				TENUO000000000000000002F /* AppModel.swift in Sources */,
				TENUO0000000000000000031 /* MenuBarController.swift in Sources */,
				TENUO0000000000000000033 /* MenuPanelView.swift in Sources */,
				TENUO0000000000000000035 /* LayerEditorView.swift in Sources */,
				TENUO0000000000000000037 /* LayersPage.swift in Sources */,
				TENUO0000000000000000039 /* SettingsControls.swift in Sources */,
				TENUO000000000000000003B /* KeyboardLayoutView.swift in Sources */,
				TENUO000000000000000003D /* LayerList.swift in Sources */,
				TENUO000000000000000003F /* ProfileSwitcher.swift in Sources */,
				TENUO0000000000000000041 /* CheatSheetController.swift in Sources */,
				TENUO00000000000000000A0 /* LayerStatusController.swift in Sources */,
				TENUO00000000000000000B9 /* LicenseSettingsView.swift in Sources */,
				TENUO00000000000000000BD /* ProfileHistory.swift in Sources */,
				DE84942F344B4D98A9A08231 /* ProfileEditSession.swift in Sources */,
				TENUO00000000000000000C0 /* ProfileHistoryView.swift in Sources */,
			);
			runOnlyForDeploymentPostprocessing = 0;
		};
		TENUO0000000000000000072 /* Sources */ = {
			isa = PBXSourcesBuildPhase;
			buildActionMask = 2147483647;
			files = (
				B2CE72E47B47109D0F96DA82 /* ProfileSyncLifecycleTests.swift in Sources */,
				4940486E568097DD4ED95059 /* ProfileSyncController.swift in Sources */,
				55741F01F1BF8C820D851440 /* CloudProfileTransport.swift in Sources */,
				5C5777D7D9752077F7666C17 /* ProfileSyncTests.swift in Sources */,
				042B915D85609CF990A556F3 /* LocalActionTargets.swift in Sources */,
				33649BD1CB939D30402D874F /* SQLiteProfileStore.swift in Sources */,
				32F1148E67F208D97F1814B9 /* ProfileSyncState.swift in Sources */,
				7732B1C889DAB1E49822FD63 /* ProfileDatabase.swift in Sources */,
				TENUO0000000000000000082 /* HIDMappingParser.swift in Sources */,
				TENUO0000000000000000083 /* CapsLockRemapperTests.swift in Sources */,
				TENUO0000000000000000043 /* LayerEngineTests.swift in Sources */,
				TENUO0000000000000000089 /* AppPreferencesTests.swift in Sources */,
				TENUO000000000000000008A /* ProfileStoreTests.swift in Sources */,
				TENUO000000000000000008B /* ProfileSelectionTests.swift in Sources */,
				TENUO0000000000000000047 /* KeyCodes.swift in Sources */,
				TENUO0000000000000000048 /* TriggerKey.swift in Sources */,
				TENUO0000000000000000049 /* KeyCatalog.swift in Sources */,
				TENUO000000000000000004A /* KeyBinding.swift in Sources */,
				TENUO0000000000000000098 /* Actions.swift in Sources */,
				TENUO00000000000000000BC /* License.swift in Sources */,
				TENUO00000000000000000BE /* ProfileHistory.swift in Sources */,
				DE84942F344B4D98A9A08232 /* ProfileEditSession.swift in Sources */,
				TENUO000000000000000004B /* Profile.swift in Sources */,
				TENUO000000000000000004C /* Presets.swift in Sources */,
				TENUO000000000000000004D /* LayerEngine.swift in Sources */,
				TENUO0000000000000000093 /* LayerModes.swift in Sources */,
				TENUO0000000000000000094 /* ProfileStore.swift in Sources */,
				TENUO0000000000000000095 /* AppPreferences.swift in Sources */,
				TENUO0000000000000000096 /* ProfileSelection.swift in Sources */,
				TENUO00000000000000000BB /* LicenseTests.swift in Sources */,
			);
			runOnlyForDeploymentPostprocessing = 0;
		};
/* End PBXSourcesBuildPhase section */

/* Begin XCBuildConfiguration section */
		TENUO0000000000000000078 /* Debug */ = {
			isa = XCBuildConfiguration;
			buildSettings = {
				ALWAYS_SEARCH_USER_PATHS = NO;
				CLANG_ENABLE_OBJC_WEAK = YES;
				CLANG_WARN_BLOCK_CAPTURE_AUTORELEASING = YES;
				CLANG_WARN_BOOL_CONVERSION = YES;
				CLANG_WARN_COMMA = YES;
				CLANG_WARN_CONSTANT_CONVERSION = YES;
				CLANG_WARN_DEPRECATED_OBJC_IMPLEMENTATIONS = YES;
				CLANG_WARN_DOCUMENTATION_COMMENTS = YES;
				CLANG_WARN_EMPTY_BODY = YES;
				CLANG_WARN_ENUM_CONVERSION = YES;
				CLANG_WARN_INFINITE_RECURSION = YES;
				CLANG_WARN_INT_CONVERSION = YES;
				CLANG_WARN_NON_LITERAL_NULL_CONVERSION = YES;
				CLANG_WARN_OBJC_LITERAL_CONVERSION = YES;
				CLANG_WARN_QUOTED_INCLUDE_IN_FRAMEWORK_HEADER = YES;
				CLANG_WARN_RANGE_LOOP_ANALYSIS = YES;
				CLANG_WARN_STRICT_PROTOTYPES = YES;
				CLANG_WARN_SUSPICIOUS_MOVE = YES;
				CLANG_WARN_UNREACHABLE_CODE = YES;
				COPY_PHASE_STRIP = NO;
				DEBUG_INFORMATION_FORMAT = dwarf;
				ENABLE_STRICT_OBJC_MSGSEND = YES;
				ENABLE_TESTABILITY = YES;
				ENABLE_USER_SCRIPT_SANDBOXING = NO;
				GCC_NO_COMMON_BLOCKS = YES;
				GCC_OPTIMIZATION_LEVEL = 0;
				GCC_PREPROCESSOR_DEFINITIONS = (
					"DEBUG=1",
					"$(inherited)",
				);
				GCC_WARN_64_TO_32_BIT_CONVERSION = YES;
				GCC_WARN_ABOUT_RETURN_TYPE = YES;
				GCC_WARN_UNDECLARED_SELECTOR = YES;
				GCC_WARN_UNINITIALIZED_AUTOS = YES;
				GCC_WARN_UNUSED_FUNCTION = YES;
				GCC_WARN_UNUSED_VARIABLE = YES;
				MACOSX_DEPLOYMENT_TARGET = 15.0;
				MTL_ENABLE_DEBUG_INFO = INCLUDE_SOURCE;
				ONLY_ACTIVE_ARCH = YES;
				SDKROOT = macosx;
				SWIFT_ACTIVE_COMPILATION_CONDITIONS = "DEBUG $(inherited)";
				SWIFT_OPTIMIZATION_LEVEL = -Onone;
				SWIFT_VERSION = 5.0;
			};
			name = Debug;
		};
		TENUO0000000000000000079 /* Release */ = {
			isa = XCBuildConfiguration;
			buildSettings = {
				ALWAYS_SEARCH_USER_PATHS = NO;
				CLANG_ENABLE_OBJC_WEAK = YES;
				CLANG_WARN_BLOCK_CAPTURE_AUTORELEASING = YES;
				CLANG_WARN_BOOL_CONVERSION = YES;
				CLANG_WARN_COMMA = YES;
				CLANG_WARN_CONSTANT_CONVERSION = YES;
				CLANG_WARN_DEPRECATED_OBJC_IMPLEMENTATIONS = YES;
				CLANG_WARN_DOCUMENTATION_COMMENTS = YES;
				CLANG_WARN_EMPTY_BODY = YES;
				CLANG_WARN_ENUM_CONVERSION = YES;
				CLANG_WARN_INFINITE_RECURSION = YES;
				CLANG_WARN_INT_CONVERSION = YES;
				CLANG_WARN_NON_LITERAL_NULL_CONVERSION = YES;
				CLANG_WARN_OBJC_LITERAL_CONVERSION = YES;
				CLANG_WARN_QUOTED_INCLUDE_IN_FRAMEWORK_HEADER = YES;
				CLANG_WARN_RANGE_LOOP_ANALYSIS = YES;
				CLANG_WARN_STRICT_PROTOTYPES = YES;
				CLANG_WARN_SUSPICIOUS_MOVE = YES;
				CLANG_WARN_UNREACHABLE_CODE = YES;
				COPY_PHASE_STRIP = NO;
				DEBUG_INFORMATION_FORMAT = "dwarf-with-dsym";
				ENABLE_NS_ASSERTIONS = NO;
				ENABLE_STRICT_OBJC_MSGSEND = YES;
				ENABLE_USER_SCRIPT_SANDBOXING = NO;
				GCC_NO_COMMON_BLOCKS = YES;
				GCC_WARN_64_TO_32_BIT_CONVERSION = YES;
				GCC_WARN_ABOUT_RETURN_TYPE = YES;
				GCC_WARN_UNDECLARED_SELECTOR = YES;
				GCC_WARN_UNINITIALIZED_AUTOS = YES;
				GCC_WARN_UNUSED_FUNCTION = YES;
				GCC_WARN_UNUSED_VARIABLE = YES;
				MACOSX_DEPLOYMENT_TARGET = 15.0;
				MTL_ENABLE_DEBUG_INFO = NO;
				SDKROOT = macosx;
				SWIFT_COMPILATION_MODE = wholemodule;
				SWIFT_OPTIMIZATION_LEVEL = -O;
				SWIFT_VERSION = 5.0;
			};
			name = Release;
		};
		TENUO000000000000000007A /* Debug */ = {
			isa = XCBuildConfiguration;
			baseConfigurationReference = TENUO0000000000000000060 /* Config.xcconfig */;
			buildSettings = {
				CODE_SIGN_ENTITLEMENTS = "$(TENUO_CODE_SIGN_ENTITLEMENTS)";
				COMBINE_HIDPI_IMAGES = YES;
				CURRENT_PROJECT_VERSION = 2;
				ENABLE_HARDENED_RUNTIME = YES;
				GENERATE_INFOPLIST_FILE = NO;
				INFOPLIST_FILE = Tenuo/Resources/Info.plist;
				LD_RUNPATH_SEARCH_PATHS = "@executable_path/../Frameworks";
				LM_SKIP_METADATA_EXTRACTION = YES;
				MARKETING_VERSION = 1.0.1;
				PRODUCT_BUNDLE_IDENTIFIER = app.tenuo.dev;
				TENUO_ICLOUD_ENVIRONMENT = Development;
				TENUO_APNS_ENVIRONMENT = development;
				PRODUCT_NAME = "Tenuo Dev";
				TENUO_DISPLAY_NAME = "Tenuo Dev";
				SWIFT_EMIT_LOC_STRINGS = YES;
			};
			name = Debug;
		};
		TENUO000000000000000007B /* Release */ = {
			isa = XCBuildConfiguration;
			baseConfigurationReference = TENUO0000000000000000060 /* Config.xcconfig */;
			buildSettings = {
				CODE_SIGN_ENTITLEMENTS = "$(TENUO_CODE_SIGN_ENTITLEMENTS)";
				COMBINE_HIDPI_IMAGES = YES;
				CURRENT_PROJECT_VERSION = 2;
				ENABLE_HARDENED_RUNTIME = YES;
				GENERATE_INFOPLIST_FILE = NO;
				INFOPLIST_FILE = Tenuo/Resources/Info.plist;
				LD_RUNPATH_SEARCH_PATHS = "@executable_path/../Frameworks";
				LM_SKIP_METADATA_EXTRACTION = YES;
				MARKETING_VERSION = 1.0.1;
				PRODUCT_BUNDLE_IDENTIFIER = app.tenuo;
				TENUO_ICLOUD_ENVIRONMENT = Production;
				TENUO_APNS_ENVIRONMENT = production;
				PRODUCT_NAME = "$(TARGET_NAME)";
				TENUO_DISPLAY_NAME = Tenuo;
				SWIFT_EMIT_LOC_STRINGS = YES;
			};
			name = Release;
		};
		TENUO000000000000000007C /* Debug */ = {
			isa = XCBuildConfiguration;
			baseConfigurationReference = TENUO0000000000000000060 /* Config.xcconfig */;
			buildSettings = {
				CURRENT_PROJECT_VERSION = 2;
				GENERATE_INFOPLIST_FILE = YES;
				LM_SKIP_METADATA_EXTRACTION = YES;
				MARKETING_VERSION = 1.0.1;
				PRODUCT_BUNDLE_IDENTIFIER = app.tenuo.tests;
				PRODUCT_NAME = "$(TARGET_NAME)";
				SWIFT_EMIT_LOC_STRINGS = NO;
			};
			name = Debug;
		};
		TENUO000000000000000007D /* Release */ = {
			isa = XCBuildConfiguration;
			baseConfigurationReference = TENUO0000000000000000060 /* Config.xcconfig */;
			buildSettings = {
				CURRENT_PROJECT_VERSION = 2;
				GENERATE_INFOPLIST_FILE = YES;
				LM_SKIP_METADATA_EXTRACTION = YES;
				MARKETING_VERSION = 1.0.1;
				PRODUCT_BUNDLE_IDENTIFIER = app.tenuo.tests;
				PRODUCT_NAME = "$(TARGET_NAME)";
				SWIFT_EMIT_LOC_STRINGS = NO;
			};
			name = Release;
		};
/* End XCBuildConfiguration section */

/* Begin XCConfigurationList section */
		TENUO0000000000000000076 /* Build configuration list for PBXProject "Tenuo" */ = {
			isa = XCConfigurationList;
			buildConfigurations = (
				TENUO0000000000000000078 /* Debug */,
				TENUO0000000000000000079 /* Release */,
			);
			defaultConfigurationIsVisible = 0;
			defaultConfigurationName = Release;
		};
		TENUO0000000000000000071 /* Build configuration list for PBXNativeTarget "Tenuo" */ = {
			isa = XCConfigurationList;
			buildConfigurations = (
				TENUO000000000000000007A /* Debug */,
				TENUO000000000000000007B /* Release */,
			);
			defaultConfigurationIsVisible = 0;
			defaultConfigurationName = Release;
		};
		TENUO0000000000000000074 /* Build configuration list for PBXNativeTarget "TenuoTests" */ = {
			isa = XCConfigurationList;
			buildConfigurations = (
				TENUO000000000000000007C /* Debug */,
				TENUO000000000000000007D /* Release */,
			);
			defaultConfigurationIsVisible = 0;
			defaultConfigurationName = Release;
		};
/* End XCConfigurationList section */
	};
	rootObject = TENUO0000000000000000075 /* Project object */;
}
